
Microsoft Visual Studio Solution File, Format Version 12.00
# Visual Studio 2013
VisualStudioVersion = 12.0.31101.0
MinimumVisualStudioVersion = 10.0.40219.1
Project("{FAE04EC0-301F-11D3-BF4B-00C04F79EFBC}") = "SewServiceRepository", "SewServiceRepository\SewServiceRepository.csproj", "{33EB6C3C-5285-4EC0-A00C-AAC753C31B53}"
EndProject
Project("{FAE04EC0-301F-11D3-BF4B-00C04F79EFBC}") = "SewServiceRepository.Common", "SewServiceRepository.Common\SewServiceRepository.Common.csproj", "{A80C24EF-25EB-4B5E-997D-0995819ED137}"
EndProject
Project("{FAE04EC0-301F-11D3-BF4B-00C04F79EFBC}") = "SewServiceRepository.DAL", "SewServiceRepository.DAL\SewServiceRepository.DAL.csproj", "{08591F19-1E49-4679-8CCB-2226008924F9}"
EndProject
Project("{FAE04EC0-301F-11D3-BF4B-00C04F79EFBC}") = "SewServiceRepository.DbEntity", "SewServiceRepository.DbEntity\SewServiceRepository.DbEntity.csproj", "{BE13AB04-584F-4995-8707-71644C7B67F0}"
EndProject
Project("{FAE04EC0-301F-11D3-BF4B-00C04F79EFBC}") = "SewServiceRepository.Web.UI", "SewServiceRepository.Web.UI\SewServiceRepository.Web.UI.csproj", "{F69FD56B-709E-431E-91A1-CD86474BC73B}"
EndProject
Global
	GlobalSection(SolutionConfigurationPlatforms) = preSolution
		Debug|Any CPU = Debug|Any CPU
		Release|Any CPU = Release|Any CPU
	EndGlobalSection
	GlobalSection(ProjectConfigurationPlatforms) = postSolution
		{33EB6C3C-5285-4EC0-A00C-AAC753C31B53}.Debug|Any CPU.ActiveCfg = Debug|Any CPU
		{33EB6C3C-5285-4EC0-A00C-AAC753C31B53}.Debug|Any CPU.Build.0 = Debug|Any CPU
		{33EB6C3C-5285-4EC0-A00C-AAC753C31B53}.Release|Any CPU.ActiveCfg = Release|Any CPU
		{33EB6C3C-5285-4EC0-A00C-AAC753C31B53}.Release|Any CPU.Build.0 = Release|Any CPU
		{A80C24EF-25EB-4B5E-997D-0995819ED137}.Debug|Any CPU.ActiveCfg = Debug|Any CPU
		{A80C24EF-25EB-4B5E-997D-0995819ED137}.Debug|Any CPU.Build.0 = Debug|Any CPU
		{A80C24EF-25EB-4B5E-997D-0995819ED137}.Release|Any CPU.ActiveCfg = Release|Any CPU
		{A80C24EF-25EB-4B5E-997D-0995819ED137}.Release|Any CPU.Build.0 = Release|Any CPU
		{08591F19-1E49-4679-8CCB-2226008924F9}.Debug|Any CPU.ActiveCfg = Debug|Any CPU
		{08591F19-1E49-4679-8CCB-2226008924F9}.Debug|Any CPU.Build.0 = Debug|Any CPU
		{08591F19-1E49-4679-8CCB-2226008924F9}.Release|Any CPU.ActiveCfg = Release|Any CPU
		{08591F19-1E49-4679-8CCB-2226008924F9}.Release|Any CPU.Build.0 = Release|Any CPU
		{BE13AB04-584F-4995-8707-71644C7B67F0}.Debug|Any CPU.ActiveCfg = Debug|Any CPU
		{BE13AB04-584F-4995-8707-71644C7B67F0}.Debug|Any CPU.Build.0 = Debug|Any CPU
		{BE13AB04-584F-4995-8707-71644C7B67F0}.Release|Any CPU.ActiveCfg = Release|Any CPU
		{BE13AB04-584F-4995-8707-71644C7B67F0}.Release|Any CPU.Build.0 = Release|Any CPU
		{F69FD56B-709E-431E-91A1-CD86474BC73B}.Debug|Any CPU.ActiveCfg = Debug|Any CPU
		{F69FD56B-709E-431E-91A1-CD86474BC73B}.Debug|Any CPU.Build.0 = Debug|Any CPU
		{F69FD56B-709E-431E-91A1-CD86474BC73B}.Release|Any CPU.ActiveCfg = Release|Any CPU
		{F69FD56B-709E-431E-91A1-CD86474BC73B}.Release|Any CPU.Build.0 = Release|Any CPU
	EndGlobalSection
	GlobalSection(SolutionProperties) = preSolution
		HideSolutionNode = FALSE
	EndGlobalSection
EndGlobal
